
Microsoft Visual Studio Solution File, Format Version 12.00
# Visual Studio 15
VisualStudioVersion = 15.0.28010.2016
MinimumVisualStudioVersion = 10.0.40219.1
Project("{FAE04EC0-301F-11D3-BF4B-00C04F79EFBC}") = "Week05", "Week05\Week05.csproj", "{E4F09816-C6CF-4880-862C-7D62456DF880}"
EndProject
Project("{FAE04EC0-301F-11D3-BF4B-00C04F79EFBC}") = "Week05.Task02", "Week05.Task02\Week05.Task02.csproj", "{77147671-33F0-4746-8FE2-783F80A4116A}"
EndProject
Global
	GlobalSection(SolutionConfigurationPlatforms) = preSolution
		Debug|Any CPU = Debug|Any CPU
		Release|Any CPU = Release|Any CPU
	EndGlobalSection
	GlobalSection(ProjectConfigurationPlatforms) = postSolution
		{E4F09816-C6CF-4880-862C-7D62456DF880}.Debug|Any CPU.ActiveCfg = Debug|Any CPU
		{E4F09816-C6CF-4880-862C-7D62456DF880}.Debug|Any CPU.Build.0 = Debug|Any CPU
		{E4F09816-C6CF-4880-862C-7D62456DF880}.Release|Any CPU.ActiveCfg = Release|Any CPU
		{E4F09816-C6CF-4880-862C-7D62456DF880}.Release|Any CPU.Build.0 = Release|Any CPU
		{77147671-33F0-4746-8FE2-783F80A4116A}.Debug|Any CPU.ActiveCfg = Debug|Any CPU
		{77147671-33F0-4746-8FE2-783F80A4116A}.Debug|Any CPU.Build.0 = Debug|Any CPU
		{77147671-33F0-4746-8FE2-783F80A4116A}.Release|Any CPU.ActiveCfg = Release|Any CPU
		{77147671-33F0-4746-8FE2-783F80A4116A}.Release|Any CPU.Build.0 = Release|Any CPU
	EndGlobalSection
	GlobalSection(SolutionProperties) = preSolution
		HideSolutionNode = FALSE
	EndGlobalSection
	GlobalSection(ExtensibilityGlobals) = postSolution
		SolutionGuid = {68C3FF59-D55C-440B-BA09-83CCB73E54B7}
	EndGlobalSection
EndGlobal
